
Microsoft Visual Studio Solution File, Format Version 12.00
# Visual Studio 15
VisualStudioVersion = 15.0.26430.12
MinimumVisualStudioVersion = 10.0.40219.1
Project("{FAE04EC0-301F-11D3-BF4B-00C04F79EFBC}") = "SignalR.Server.Web", "SignalR.Server.Web\SignalR.Server.Web.csproj", "{7905ACE4-EC9A-4190-82D7-7C1BB634B73C}"
EndProject
Project("{FAE04EC0-301F-11D3-BF4B-00C04F79EFBC}") = "SignalR.Client.Web", "SignalR.Client.Web\SignalR.Client.Web.csproj", "{B01217FB-7104-4F3A-9DD1-CFBE6499E267}"
	ProjectSection(ProjectDependencies) = postProject
		{7905ACE4-EC9A-4190-82D7-7C1BB634B73C} = {7905ACE4-EC9A-4190-82D7-7C1BB634B73C}
	EndProjectSection
EndProject
Project("{FAE04EC0-301F-11D3-BF4B-00C04F79EFBC}") = "SASHASimulator", "SASHASimulator\SASHASimulator.csproj", "{49814764-8EC6-4EF4-AA64-37283C71EC78}"
EndProject
Project("{FAE04EC0-301F-11D3-BF4B-00C04F79EFBC}") = "SignalR.Server.SelfHost", "SignalR.Server.SelfHost\SignalR.Server.SelfHost.csproj", "{EF8DFCA0-E697-4A27-96DD-B09706E8FCA2}"
EndProject
Global
	GlobalSection(SolutionConfigurationPlatforms) = preSolution
		Debug|Any CPU = Debug|Any CPU
		Release|Any CPU = Release|Any CPU
	EndGlobalSection
	GlobalSection(ProjectConfigurationPlatforms) = postSolution
		{7905ACE4-EC9A-4190-82D7-7C1BB634B73C}.Debug|Any CPU.ActiveCfg = Debug|Any CPU
		{7905ACE4-EC9A-4190-82D7-7C1BB634B73C}.Debug|Any CPU.Build.0 = Debug|Any CPU
		{7905ACE4-EC9A-4190-82D7-7C1BB634B73C}.Release|Any CPU.ActiveCfg = Release|Any CPU
		{7905ACE4-EC9A-4190-82D7-7C1BB634B73C}.Release|Any CPU.Build.0 = Release|Any CPU
		{B01217FB-7104-4F3A-9DD1-CFBE6499E267}.Debug|Any CPU.ActiveCfg = Debug|Any CPU
		{B01217FB-7104-4F3A-9DD1-CFBE6499E267}.Debug|Any CPU.Build.0 = Debug|Any CPU
		{B01217FB-7104-4F3A-9DD1-CFBE6499E267}.Release|Any CPU.ActiveCfg = Release|Any CPU
		{B01217FB-7104-4F3A-9DD1-CFBE6499E267}.Release|Any CPU.Build.0 = Release|Any CPU
		{49814764-8EC6-4EF4-AA64-37283C71EC78}.Debug|Any CPU.ActiveCfg = Debug|Any CPU
		{49814764-8EC6-4EF4-AA64-37283C71EC78}.Debug|Any CPU.Build.0 = Debug|Any CPU
		{49814764-8EC6-4EF4-AA64-37283C71EC78}.Release|Any CPU.ActiveCfg = Release|Any CPU
		{49814764-8EC6-4EF4-AA64-37283C71EC78}.Release|Any CPU.Build.0 = Release|Any CPU
		{EF8DFCA0-E697-4A27-96DD-B09706E8FCA2}.Debug|Any CPU.ActiveCfg = Debug|Any CPU
		{EF8DFCA0-E697-4A27-96DD-B09706E8FCA2}.Debug|Any CPU.Build.0 = Debug|Any CPU
		{EF8DFCA0-E697-4A27-96DD-B09706E8FCA2}.Release|Any CPU.ActiveCfg = Release|Any CPU
		{EF8DFCA0-E697-4A27-96DD-B09706E8FCA2}.Release|Any CPU.Build.0 = Release|Any CPU
	EndGlobalSection
	GlobalSection(SolutionProperties) = preSolution
		HideSolutionNode = FALSE
	EndGlobalSection
EndGlobal
